// !$*UTF8*$!
{
	archiveVersion = 1;
	classes = {
	};
	objectVersion = 55;
	objects = {

/* Begin PBXBuildFile section */
		B402F32528B0E64C0075B2B7 /* AppDelegate.swift in Sources */ = {isa = PBXBuildFile; fileRef = B402F32428B0E64C0075B2B7 /* AppDelegate.swift */; };
		B402F32728B0E64C0075B2B7 /* SceneDelegate.swift in Sources */ = {isa = PBXBuildFile; fileRef = B402F32628B0E64C0075B2B7 /* SceneDelegate.swift */; };
		B402F32928B0E64C0075B2B7 /* ConversationsViewController.swift in Sources */ = {isa = PBXBuildFile; fileRef = B402F32828B0E64C0075B2B7 /* ConversationsViewController.swift */; };
		B402F32C28B0E64C0075B2B7 /* Main.storyboard in Resources */ = {isa = PBXBuildFile; fileRef = B402F32A28B0E64C0075B2B7 /* Main.storyboard */; };
		B402F32E28B0E64F0075B2B7 /* Assets.xcassets in Resources */ = {isa = PBXBuildFile; fileRef = B402F32D28B0E64F0075B2B7 /* Assets.xcassets */; };
		B402F33128B0E64F0075B2B7 /* LaunchScreen.storyboard in Resources */ = {isa = PBXBuildFile; fileRef = B402F32F28B0E64F0075B2B7 /* LaunchScreen.storyboard */; };
		B402F33F28B0F4C20075B2B7 /* LoginViewController.swift in Sources */ = {isa = PBXBuildFile; fileRef = B402F33E28B0F4C20075B2B7 /* LoginViewController.swift */; };
		B402F34128B0F4E00075B2B7 /* RegisterViewController.swift in Sources */ = {isa = PBXBuildFile; fileRef = B402F34028B0F4E00075B2B7 /* RegisterViewController.swift */; };
		B402F34328B0F5190075B2B7 /* PhotoViewerViewController.swift in Sources */ = {isa = PBXBuildFile; fileRef = B402F34228B0F5190075B2B7 /* PhotoViewerViewController.swift */; };
		B402F34528B0F52E0075B2B7 /* VideoPlayerViewController.swift in Sources */ = {isa = PBXBuildFile; fileRef = B402F34428B0F52E0075B2B7 /* VideoPlayerViewController.swift */; };
		B402F34728B0F5660075B2B7 /* NewConversationViewController.swift in Sources */ = {isa = PBXBuildFile; fileRef = B402F34628B0F5660075B2B7 /* NewConversationViewController.swift */; };
		B402F34928B0F5900075B2B7 /* ProfileViewController.swift in Sources */ = {isa = PBXBuildFile; fileRef = B402F34828B0F5900075B2B7 /* ProfileViewController.swift */; };
/* End PBXBuildFile section */

/* Begin PBXFileReference section */
		B402F32128B0E64C0075B2B7 /* AllChat.app */ = {isa = PBXFileReference; explicitFileType = wrapper.application; includeInIndex = 0; path = AllChat.app; sourceTree = BUILT_PRODUCTS_DIR; };
		B402F32428B0E64C0075B2B7 /* AppDelegate.swift */ = {isa = PBXFileReference; lastKnownFileType = sourcecode.swift; path = AppDelegate.swift; sourceTree = "<group>"; };
		B402F32628B0E64C0075B2B7 /* SceneDelegate.swift */ = {isa = PBXFileReference; lastKnownFileType = sourcecode.swift; path = SceneDelegate.swift; sourceTree = "<group>"; };
		B402F32828B0E64C0075B2B7 /* ConversationsViewController.swift */ = {isa = PBXFileReference; lastKnownFileType = sourcecode.swift; path = ConversationsViewController.swift; sourceTree = "<group>"; };
		B402F32B28B0E64C0075B2B7 /* Base */ = {isa = PBXFileReference; lastKnownFileType = file.storyboard; name = Base; path = Base.lproj/Main.storyboard; sourceTree = "<group>"; };
		B402F32D28B0E64F0075B2B7 /* Assets.xcassets */ = {isa = PBXFileReference; lastKnownFileType = folder.assetcatalog; path = Assets.xcassets; sourceTree = "<group>"; };
		B402F33028B0E64F0075B2B7 /* Base */ = {isa = PBXFileReference; lastKnownFileType = file.storyboard; name = Base; path = Base.lproj/LaunchScreen.storyboard; sourceTree = "<group>"; };
		B402F33228B0E64F0075B2B7 /* Info.plist */ = {isa = PBXFileReference; lastKnownFileType = text.plist.xml; path = Info.plist; sourceTree = "<group>"; };
		B402F33E28B0F4C20075B2B7 /* LoginViewController.swift */ = {isa = PBXFileReference; lastKnownFileType = sourcecode.swift; path = LoginViewController.swift; sourceTree = "<group>"; };
		B402F34028B0F4E00075B2B7 /* RegisterViewController.swift */ = {isa = PBXFileReference; lastKnownFileType = sourcecode.swift; path = RegisterViewController.swift; sourceTree = "<group>"; };
		B402F34228B0F5190075B2B7 /* PhotoViewerViewController.swift */ = {isa = PBXFileReference; lastKnownFileType = sourcecode.swift; path = PhotoViewerViewController.swift; sourceTree = "<group>"; };
		B402F34428B0F52E0075B2B7 /* VideoPlayerViewController.swift */ = {isa = PBXFileReference; lastKnownFileType = sourcecode.swift; path = VideoPlayerViewController.swift; sourceTree = "<group>"; };
		B402F34628B0F5660075B2B7 /* NewConversationViewController.swift */ = {isa = PBXFileReference; lastKnownFileType = sourcecode.swift; path = NewConversationViewController.swift; sourceTree = "<group>"; };
		B402F34828B0F5900075B2B7 /* ProfileViewController.swift */ = {isa = PBXFileReference; lastKnownFileType = sourcecode.swift; path = ProfileViewController.swift; sourceTree = "<group>"; };
/* End PBXFileReference section */

/* Begin PBXFrameworksBuildPhase section */
		B402F31E28B0E64C0075B2B7 /* Frameworks */ = {
			isa = PBXFrameworksBuildPhase;
			buildActionMask = 2147483647;
			files = (
			);
			runOnlyForDeploymentPostprocessing = 0;
		};
/* End PBXFrameworksBuildPhase section */

/* Begin PBXGroup section */
		B402F31828B0E64C0075B2B7 = {
			isa = PBXGroup;
			children = (
				B402F32328B0E64C0075B2B7 /* AllChat */,
				B402F32228B0E64C0075B2B7 /* Products */,
			);
			sourceTree = "<group>";
		};
		B402F32228B0E64C0075B2B7 /* Products */ = {
			isa = PBXGroup;
			children = (
				B402F32128B0E64C0075B2B7 /* AllChat.app */,
			);
			name = Products;
			sourceTree = "<group>";
		};
		B402F32328B0E64C0075B2B7 /* AllChat */ = {
			isa = PBXGroup;
			children = (
				B402F33C28B0F0910075B2B7 /* Resources */,
				B402F33B28B0F0660075B2B7 /* ViewModels */,
				B402F33A28B0F05D0075B2B7 /* Models */,
				B402F33928B0F0550075B2B7 /* Views */,
				B402F33828B0F04B0075B2B7 /* Controllers */,
				B402F33228B0E64F0075B2B7 /* Info.plist */,
			);
			path = AllChat;
			sourceTree = "<group>";
		};
		B402F33828B0F04B0075B2B7 /* Controllers */ = {
			isa = PBXGroup;
			children = (
				B402F32828B0E64C0075B2B7 /* ConversationsViewController.swift */,
				B402F33E28B0F4C20075B2B7 /* LoginViewController.swift */,
				B402F34028B0F4E00075B2B7 /* RegisterViewController.swift */,
				B402F34228B0F5190075B2B7 /* PhotoViewerViewController.swift */,
				B402F34428B0F52E0075B2B7 /* VideoPlayerViewController.swift */,
				B402F34628B0F5660075B2B7 /* NewConversationViewController.swift */,
				B402F34828B0F5900075B2B7 /* ProfileViewController.swift */,
			);
			path = Controllers;
			sourceTree = "<group>";
		};
		B402F33928B0F0550075B2B7 /* Views */ = {
			isa = PBXGroup;
			children = (
				B402F33D28B0F0E40075B2B7 /* Storyboards */,
				B402F32D28B0E64F0075B2B7 /* Assets.xcassets */,
			);
			path = Views;
			sourceTree = "<group>";
		};
		B402F33A28B0F05D0075B2B7 /* Models */ = {
			isa = PBXGroup;
			children = (
			);
			path = Models;
			sourceTree = "<group>";
		};
		B402F33B28B0F0660075B2B7 /* ViewModels */ = {
			isa = PBXGroup;
			children = (
			);
			path = ViewModels;
			sourceTree = "<group>";
		};
		B402F33C28B0F0910075B2B7 /* Resources */ = {
			isa = PBXGroup;
			children = (
				B402F32428B0E64C0075B2B7 /* AppDelegate.swift */,
				B402F32628B0E64C0075B2B7 /* SceneDelegate.swift */,
			);
			path = Resources;
			sourceTree = "<group>";
		};
		B402F33D28B0F0E40075B2B7 /* Storyboards */ = {
			isa = PBXGroup;
			children = (
				B402F32A28B0E64C0075B2B7 /* Main.storyboard */,
				B402F32F28B0E64F0075B2B7 /* LaunchScreen.storyboard */,
			);
			path = Storyboards;
			sourceTree = "<group>";
		};
/* End PBXGroup section */

/* Begin PBXNativeTarget section */
		B402F32028B0E64C0075B2B7 /* AllChat */ = {
			isa = PBXNativeTarget;
			buildConfigurationList = B402F33528B0E64F0075B2B7 /* Build configuration list for PBXNativeTarget "AllChat" */;
			buildPhases = (
				B402F31D28B0E64C0075B2B7 /* Sources */,
				B402F31E28B0E64C0075B2B7 /* Frameworks */,
				B402F31F28B0E64C0075B2B7 /* Resources */,
			);
			buildRules = (
			);
			dependencies = (
			);
			name = AllChat;
			productName = AllChat;
			productReference = B402F32128B0E64C0075B2B7 /* AllChat.app */;
			productType = "com.apple.product-type.application";
		};
/* End PBXNativeTarget section */

/* Begin PBXProject section */
		B402F31928B0E64C0075B2B7 /* Project object */ = {
			isa = PBXProject;
			attributes = {
				BuildIndependentTargetsInParallel = 1;
				LastSwiftUpdateCheck = 1340;
				LastUpgradeCheck = 1340;
				TargetAttributes = {
					B402F32028B0E64C0075B2B7 = {
						CreatedOnToolsVersion = 13.4.1;
					};
				};
			};
			buildConfigurationList = B402F31C28B0E64C0075B2B7 /* Build configuration list for PBXProject "AllChat" */;
			compatibilityVersion = "Xcode 13.0";
			developmentRegion = en;
			hasScannedForEncodings = 0;
			knownRegions = (
				en,
				Base,
			);
			mainGroup = B402F31828B0E64C0075B2B7;
			productRefGroup = B402F32228B0E64C0075B2B7 /* Products */;
			projectDirPath = "";
			projectRoot = "";
			targets = (
				B402F32028B0E64C0075B2B7 /* AllChat */,
			);
		};
/* End PBXProject section */

/* Begin PBXResourcesBuildPhase section */
		B402F31F28B0E64C0075B2B7 /* Resources */ = {
			isa = PBXResourcesBuildPhase;
			buildActionMask = 2147483647;
			files = (
				B402F33128B0E64F0075B2B7 /* LaunchScreen.storyboard in Resources */,
				B402F32E28B0E64F0075B2B7 /* Assets.xcassets in Resources */,
				B402F32C28B0E64C0075B2B7 /* Main.storyboard in Resources */,
			);
			runOnlyForDeploymentPostprocessing = 0;
		};
/* End PBXResourcesBuildPhase section */

/* Begin PBXSourcesBuildPhase section */
		B402F31D28B0E64C0075B2B7 /* Sources */ = {
			isa = PBXSourcesBuildPhase;
			buildActionMask = 2147483647;
			files = (
				B402F33F28B0F4C20075B2B7 /* LoginViewController.swift in Sources */,
				B402F34128B0F4E00075B2B7 /* RegisterViewController.swift in Sources */,
				B402F34728B0F5660075B2B7 /* NewConversationViewController.swift in Sources */,
				B402F32928B0E64C0075B2B7 /* ConversationsViewController.swift in Sources */,
				B402F34528B0F52E0075B2B7 /* VideoPlayerViewController.swift in Sources */,
				B402F32528B0E64C0075B2B7 /* AppDelegate.swift in Sources */,
				B402F34928B0F5900075B2B7 /* ProfileViewController.swift in Sources */,
				B402F32728B0E64C0075B2B7 /* SceneDelegate.swift in Sources */,
				B402F34328B0F5190075B2B7 /* PhotoViewerViewController.swift in Sources */,
			);
			runOnlyForDeploymentPostprocessing = 0;
		};
/* End PBXSourcesBuildPhase section */

/* Begin PBXVariantGroup section */
		B402F32A28B0E64C0075B2B7 /* Main.storyboard */ = {
			isa = PBXVariantGroup;
			children = (
				B402F32B28B0E64C0075B2B7 /* Base */,
			);
			name = Main.storyboard;
			sourceTree = "<group>";
		};
		B402F32F28B0E64F0075B2B7 /* LaunchScreen.storyboard */ = {
			isa = PBXVariantGroup;
			children = (
				B402F33028B0E64F0075B2B7 /* Base */,
			);
			name = LaunchScreen.storyboard;
			sourceTree = "<group>";
		};
/* End PBXVariantGroup section */

/* Begin XCBuildConfiguration section */
		B402F33328B0E64F0075B2B7 /* Debug */ = {
			isa = XCBuildConfiguration;
			buildSettings = {
				ALWAYS_SEARCH_USER_PATHS = NO;
				CLANG_ANALYZER_NONNULL = YES;
				CLANG_ANALYZER_NUMBER_OBJECT_CONVERSION = YES_AGGRESSIVE;
				CLANG_CXX_LANGUAGE_STANDARD = "gnu++17";
				CLANG_ENABLE_MODULES = YES;
				CLANG_ENABLE_OBJC_ARC = YES;
				CLANG_ENABLE_OBJC_WEAK = YES;
				CLANG_WARN_BLOCK_CAPTURE_AUTORELEASING = YES;
				CLANG_WARN_BOOL_CONVERSION = YES;
				CLANG_WARN_COMMA = YES;
				CLANG_WARN_CONSTANT_CONVERSION = YES;
				CLANG_WARN_DEPRECATED_OBJC_IMPLEMENTATIONS = YES;
				CLANG_WARN_DIRECT_OBJC_ISA_USAGE = YES_ERROR;
				CLANG_WARN_DOCUMENTATION_COMMENTS = YES;
				CLANG_WARN_EMPTY_BODY = YES;
				CLANG_WARN_ENUM_CONVERSION = YES;
				CLANG_WARN_INFINITE_RECURSION = YES;
				CLANG_WARN_INT_CONVERSION = YES;
				CLANG_WARN_NON_LITERAL_NULL_CONVERSION = YES;
				CLANG_WARN_OBJC_IMPLICIT_RETAIN_SELF = YES;
				CLANG_WARN_OBJC_LITERAL_CONVERSION = YES;
				CLANG_WARN_OBJC_ROOT_CLASS = YES_ERROR;
				CLANG_WARN_QUOTED_INCLUDE_IN_FRAMEWORK_HEADER = YES;
				CLANG_WARN_RANGE_LOOP_ANALYSIS = YES;
				CLANG_WARN_STRICT_PROTOTYPES = YES;
				CLANG_WARN_SUSPICIOUS_MOVE = YES;
				CLANG_WARN_UNGUARDED_AVAILABILITY = YES_AGGRESSIVE;
				CLANG_WARN_UNREACHABLE_CODE = YES;
				CLANG_WARN__DUPLICATE_METHOD_MATCH = YES;
				COPY_PHASE_STRIP = NO;
				DEBUG_INFORMATION_FORMAT = dwarf;
				ENABLE_STRICT_OBJC_MSGSEND = YES;
				ENABLE_TESTABILITY = YES;
				GCC_C_LANGUAGE_STANDARD = gnu11;
				GCC_DYNAMIC_NO_PIC = NO;
				GCC_NO_COMMON_BLOCKS = YES;
				GCC_OPTIMIZATION_LEVEL = 0;
				GCC_PREPROCESSOR_DEFINITIONS = (
					"DEBUG=1",
					"$(inherited)",
				);
				GCC_WARN_64_TO_32_BIT_CONVERSION = YES;
				GCC_WARN_ABOUT_RETURN_TYPE = YES_ERROR;
				GCC_WARN_UNDECLARED_SELECTOR = YES;
				GCC_WARN_UNINITIALIZED_AUTOS = YES_AGGRESSIVE;
				GCC_WARN_UNUSED_FUNCTION = YES;
				GCC_WARN_UNUSED_VARIABLE = YES;
				IPHONEOS_DEPLOYMENT_TARGET = 15.5;
				MTL_ENABLE_DEBUG_INFO = INCLUDE_SOURCE;
				MTL_FAST_MATH = YES;
				ONLY_ACTIVE_ARCH = YES;
				SDKROOT = iphoneos;
				SWIFT_ACTIVE_COMPILATION_CONDITIONS = DEBUG;
				SWIFT_OPTIMIZATION_LEVEL = "-Onone";
			};
			name = Debug;
		};
		B402F33428B0E64F0075B2B7 /* Release */ = {
			isa = XCBuildConfiguration;
			buildSettings = {
				ALWAYS_SEARCH_USER_PATHS = NO;
				CLANG_ANALYZER_NONNULL = YES;
				CLANG_ANALYZER_NUMBER_OBJECT_CONVERSION = YES_AGGRESSIVE;
				CLANG_CXX_LANGUAGE_STANDARD = "gnu++17";
				CLANG_ENABLE_MODULES = YES;
				CLANG_ENABLE_OBJC_ARC = YES;
				CLANG_ENABLE_OBJC_WEAK = YES;
				CLANG_WARN_BLOCK_CAPTURE_AUTORELEASING = YES;
				CLANG_WARN_BOOL_CONVERSION = YES;
				CLANG_WARN_COMMA = YES;
				CLANG_WARN_CONSTANT_CONVERSION = YES;
				CLANG_WARN_DEPRECATED_OBJC_IMPLEMENTATIONS = YES;
				CLANG_WARN_DIRECT_OBJC_ISA_USAGE = YES_ERROR;
				CLANG_WARN_DOCUMENTATION_COMMENTS = YES;
				CLANG_WARN_EMPTY_BODY = YES;
				CLANG_WARN_ENUM_CONVERSION = YES;
				CLANG_WARN_INFINITE_RECURSION = YES;
				CLANG_WARN_INT_CONVERSION = YES;
				CLANG_WARN_NON_LITERAL_NULL_CONVERSION = YES;
				CLANG_WARN_OBJC_IMPLICIT_RETAIN_SELF = YES;
				CLANG_WARN_OBJC_LITERAL_CONVERSION = YES;
				CLANG_WARN_OBJC_ROOT_CLASS = YES_ERROR;
				CLANG_WARN_QUOTED_INCLUDE_IN_FRAMEWORK_HEADER = YES;
				CLANG_WARN_RANGE_LOOP_ANALYSIS = YES;
				CLANG_WARN_STRICT_PROTOTYPES = YES;
				CLANG_WARN_SUSPICIOUS_MOVE = YES;
				CLANG_WARN_UNGUARDED_AVAILABILITY = YES_AGGRESSIVE;
				CLANG_WARN_UNREACHABLE_CODE = YES;
				CLANG_WARN__DUPLICATE_METHOD_MATCH = YES;
				COPY_PHASE_STRIP = NO;
				DEBUG_INFORMATION_FORMAT = "dwarf-with-dsym";
				ENABLE_NS_ASSERTIONS = NO;
				ENABLE_STRICT_OBJC_MSGSEND = YES;
				GCC_C_LANGUAGE_STANDARD = gnu11;
				GCC_NO_COMMON_BLOCKS = YES;
				GCC_WARN_64_TO_32_BIT_CONVERSION = YES;
				GCC_WARN_ABOUT_RETURN_TYPE = YES_ERROR;
				GCC_WARN_UNDECLARED_SELECTOR = YES;
				GCC_WARN_UNINITIALIZED_AUTOS = YES_AGGRESSIVE;
				GCC_WARN_UNUSED_FUNCTION = YES;
				GCC_WARN_UNUSED_VARIABLE = YES;
				IPHONEOS_DEPLOYMENT_TARGET = 15.5;
				MTL_ENABLE_DEBUG_INFO = NO;
				MTL_FAST_MATH = YES;
				SDKROOT = iphoneos;
				SWIFT_COMPILATION_MODE = wholemodule;
				SWIFT_OPTIMIZATION_LEVEL = "-O";
				VALIDATE_PRODUCT = YES;
			};
			name = Release;
		};
		B402F33628B0E64F0075B2B7 /* Debug */ = {
			isa = XCBuildConfiguration;
			buildSettings = {
				ASSETCATALOG_COMPILER_APPICON_NAME = AppIcon;
				ASSETCATALOG_COMPILER_GLOBAL_ACCENT_COLOR_NAME = AccentColor;
				CODE_SIGN_STYLE = Automatic;
				CURRENT_PROJECT_VERSION = 1;
				DEVELOPMENT_TEAM = 424LZCK57R;
				GENERATE_INFOPLIST_FILE = YES;
				INFOPLIST_FILE = AllChat/Info.plist;
				INFOPLIST_KEY_UIApplicationSupportsIndirectInputEvents = YES;
				INFOPLIST_KEY_UILaunchStoryboardName = LaunchScreen;
				INFOPLIST_KEY_UIMainStoryboardFile = Main;
				INFOPLIST_KEY_UISupportedInterfaceOrientations = UIInterfaceOrientationPortrait;
				INFOPLIST_KEY_UISupportedInterfaceOrientations_iPad = "UIInterfaceOrientationPortrait UIInterfaceOrientationPortraitUpsideDown UIInterfaceOrientationLandscapeLeft UIInterfaceOrientationLandscapeRight";
				INFOPLIST_KEY_UISupportedInterfaceOrientations_iPhone = UIInterfaceOrientationPortrait;
				IPHONEOS_DEPLOYMENT_TARGET = 13.5;
				LD_RUNPATH_SEARCH_PATHS = (
					"$(inherited)",
					"@executable_path/Frameworks",
				);
				MARKETING_VERSION = 1.0;
				PRODUCT_BUNDLE_IDENTIFIER = allhediye.com.AllChat;
				PRODUCT_NAME = "$(TARGET_NAME)";
				SWIFT_EMIT_LOC_STRINGS = YES;
				SWIFT_VERSION = 5.0;
				TARGETED_DEVICE_FAMILY = "1,2";
			};
			name = Debug;
		};
		B402F33728B0E64F0075B2B7 /* Release */ = {
			isa = XCBuildConfiguration;
			buildSettings = {
				ASSETCATALOG_COMPILER_APPICON_NAME = AppIcon;
				ASSETCATALOG_COMPILER_GLOBAL_ACCENT_COLOR_NAME = AccentColor;
				CODE_SIGN_STYLE = Automatic;
				CURRENT_PROJECT_VERSION = 1;
				DEVELOPMENT_TEAM = 424LZCK57R;
				GENERATE_INFOPLIST_FILE = YES;
				INFOPLIST_FILE = AllChat/Info.plist;
				INFOPLIST_KEY_UIApplicationSupportsIndirectInputEvents = YES;
				INFOPLIST_KEY_UILaunchStoryboardName = LaunchScreen;
				INFOPLIST_KEY_UIMainStoryboardFile = Main;
				INFOPLIST_KEY_UISupportedInterfaceOrientations = UIInterfaceOrientationPortrait;
				INFOPLIST_KEY_UISupportedInterfaceOrientations_iPad = "UIInterfaceOrientationPortrait UIInterfaceOrientationPortraitUpsideDown UIInterfaceOrientationLandscapeLeft UIInterfaceOrientationLandscapeRight";
				INFOPLIST_KEY_UISupportedInterfaceOrientations_iPhone = UIInterfaceOrientationPortrait;
				IPHONEOS_DEPLOYMENT_TARGET = 13.5;
				LD_RUNPATH_SEARCH_PATHS = (
					"$(inherited)",
					"@executable_path/Frameworks",
				);
				MARKETING_VERSION = 1.0;
				PRODUCT_BUNDLE_IDENTIFIER = allhediye.com.AllChat;
				PRODUCT_NAME = "$(TARGET_NAME)";
				SWIFT_EMIT_LOC_STRINGS = YES;
				SWIFT_VERSION = 5.0;
				TARGETED_DEVICE_FAMILY = "1,2";
			};
			name = Release;
		};
/* End XCBuildConfiguration section */

/* Begin XCConfigurationList section */
		B402F31C28B0E64C0075B2B7 /* Build configuration list for PBXProject "AllChat" */ = {
			isa = XCConfigurationList;
			buildConfigurations = (
				B402F33328B0E64F0075B2B7 /* Debug */,
				B402F33428B0E64F0075B2B7 /* Release */,
			);
			defaultConfigurationIsVisible = 0;
			defaultConfigurationName = Release;
		};
		B402F33528B0E64F0075B2B7 /* Build configuration list for PBXNativeTarget "AllChat" */ = {
			isa = XCConfigurationList;
			buildConfigurations = (
				B402F33628B0E64F0075B2B7 /* Debug */,
				B402F33728B0E64F0075B2B7 /* Release */,
			);
			defaultConfigurationIsVisible = 0;
			defaultConfigurationName = Release;
		};
/* End XCConfigurationList section */
	};
	rootObject = B402F31928B0E64C0075B2B7 /* Project object */;
}
